
Microsoft Visual Studio Solution File, Format Version 12.00
# Visual Studio Version 16
VisualStudioVersion = 16.0.31105.61
MinimumVisualStudioVersion = 10.0.40219.1
Project("{9A19103F-16F7-4668-BE54-9A1E7A4F7556}") = "BulkyBook", "BulkyBook\BulkyBook.csproj", "{9073421B-2C2B-49F6-BB40-DA4CAB512739}"
EndProject
Project("{9A19103F-16F7-4668-BE54-9A1E7A4F7556}") = "BulkyBook.DataAccess", "BulkyBook.DataAccess\BulkyBook.DataAccess.csproj", "{B142396C-89D3-4400-96F0-22DDE0972F28}"
EndProject
Project("{9A19103F-16F7-4668-BE54-9A1E7A4F7556}") = "BulkyBook.Models", "BulkyBook.Models\BulkyBook.Models.csproj", "{0AB4B062-EA17-427D-A883-9BE12DDCAB71}"
EndProject
Project("{9A19103F-16F7-4668-BE54-9A1E7A4F7556}") = "BulkyBook.Utlility", "BulkyBook.Utlility\BulkyBook.Utlility.csproj", "{9C4CD0FA-487B-44D3-90B6-0DE51773BB30}"
EndProject
Global
	GlobalSection(SolutionConfigurationPlatforms) = preSolution
		Debug|Any CPU = Debug|Any CPU
		Release|Any CPU = Release|Any CPU
	EndGlobalSection
	GlobalSection(ProjectConfigurationPlatforms) = postSolution
		{9073421B-2C2B-49F6-BB40-DA4CAB512739}.Debug|Any CPU.ActiveCfg = Debug|Any CPU
		{9073421B-2C2B-49F6-BB40-DA4CAB512739}.Debug|Any CPU.Build.0 = Debug|Any CPU
		{9073421B-2C2B-49F6-BB40-DA4CAB512739}.Release|Any CPU.ActiveCfg = Release|Any CPU
		{9073421B-2C2B-49F6-BB40-DA4CAB512739}.Release|Any CPU.Build.0 = Release|Any CPU
		{B142396C-89D3-4400-96F0-22DDE0972F28}.Debug|Any CPU.ActiveCfg = Debug|Any CPU
		{B142396C-89D3-4400-96F0-22DDE0972F28}.Debug|Any CPU.Build.0 = Debug|Any CPU
		{B142396C-89D3-4400-96F0-22DDE0972F28}.Release|Any CPU.ActiveCfg = Release|Any CPU
		{B142396C-89D3-4400-96F0-22DDE0972F28}.Release|Any CPU.Build.0 = Release|Any CPU
		{0AB4B062-EA17-427D-A883-9BE12DDCAB71}.Debug|Any CPU.ActiveCfg = Debug|Any CPU
		{0AB4B062-EA17-427D-A883-9BE12DDCAB71}.Debug|Any CPU.Build.0 = Debug|Any CPU
		{0AB4B062-EA17-427D-A883-9BE12DDCAB71}.Release|Any CPU.ActiveCfg = Release|Any CPU
		{0AB4B062-EA17-427D-A883-9BE12DDCAB71}.Release|Any CPU.Build.0 = Release|Any CPU
		{9C4CD0FA-487B-44D3-90B6-0DE51773BB30}.Debug|Any CPU.ActiveCfg = Debug|Any CPU
		{9C4CD0FA-487B-44D3-90B6-0DE51773BB30}.Debug|Any CPU.Build.0 = Debug|Any CPU
		{9C4CD0FA-487B-44D3-90B6-0DE51773BB30}.Release|Any CPU.ActiveCfg = Release|Any CPU
		{9C4CD0FA-487B-44D3-90B6-0DE51773BB30}.Release|Any CPU.Build.0 = Release|Any CPU
	EndGlobalSection
	GlobalSection(SolutionProperties) = preSolution
		HideSolutionNode = FALSE
	EndGlobalSection
	GlobalSection(ExtensibilityGlobals) = postSolution
		SolutionGuid = {1A8E6507-3459-475A-A1FA-60CC96662A89}
	EndGlobalSection
EndGlobal
